// !$*UTF8*$!
{
	archiveVersion = 1;
	classes = {
	};
	objectVersion = 55;
	objects = {

/* Begin PBXBuildFile section */
		3638E498274BF07400393875 /* AppDelegate.swift in Sources */ = {isa = PBXBuildFile; fileRef = 3638E497274BF07400393875 /* AppDelegate.swift */; };
		3638E49A274BF07400393875 /* SceneDelegate.swift in Sources */ = {isa = PBXBuildFile; fileRef = 3638E499274BF07400393875 /* SceneDelegate.swift */; };
		3638E49C274BF07400393875 /* ViewController.swift in Sources */ = {isa = PBXBuildFile; fileRef = 3638E49B274BF07400393875 /* ViewController.swift */; };
		3638E49F274BF07400393875 /* Main.storyboard in Resources */ = {isa = PBXBuildFile; fileRef = 3638E49D274BF07400393875 /* Main.storyboard */; };
		3638E4A1274BF07800393875 /* Assets.xcassets in Resources */ = {isa = PBXBuildFile; fileRef = 3638E4A0274BF07800393875 /* Assets.xcassets */; };
		3638E4A4274BF07800393875 /* LaunchScreen.storyboard in Resources */ = {isa = PBXBuildFile; fileRef = 3638E4A2274BF07800393875 /* LaunchScreen.storyboard */; };
		3638E4AD274BFDEF00393875 /* ToDoTask.swift in Sources */ = {isa = PBXBuildFile; fileRef = 3638E4AC274BFDEF00393875 /* ToDoTask.swift */; };
		66892D5B3BB1535EDD04FFB6 /* Pods_RealmDemoApp.framework in Frameworks */ = {isa = PBXBuildFile; fileRef = 731F8CC1A64EB674A04A17AE /* Pods_RealmDemoApp.framework */; };
/* End PBXBuildFile section */

/* Begin PBXFileReference section */
		080EB6ED601B4BB6A0CC49A3 /* Pods-RealmDemoApp.release.xcconfig */ = {isa = PBXFileReference; includeInIndex = 1; lastKnownFileType = text.xcconfig; name = "Pods-RealmDemoApp.release.xcconfig"; path = "Target Support Files/Pods-RealmDemoApp/Pods-RealmDemoApp.release.xcconfig"; sourceTree = "<group>"; };
		24DAD8B3DF20FC09C3536417 /* Pods-RealmDemoApp.debug.xcconfig */ = {isa = PBXFileReference; includeInIndex = 1; lastKnownFileType = text.xcconfig; name = "Pods-RealmDemoApp.debug.xcconfig"; path = "Target Support Files/Pods-RealmDemoApp/Pods-RealmDemoApp.debug.xcconfig"; sourceTree = "<group>"; };
		3638E494274BF07400393875 /* RealmDemoApp.app */ = {isa = PBXFileReference; explicitFileType = wrapper.application; includeInIndex = 0; path = RealmDemoApp.app; sourceTree = BUILT_PRODUCTS_DIR; };
		3638E497274BF07400393875 /* AppDelegate.swift */ = {isa = PBXFileReference; lastKnownFileType = sourcecode.swift; path = AppDelegate.swift; sourceTree = "<group>"; };
		3638E499274BF07400393875 /* SceneDelegate.swift */ = {isa = PBXFileReference; lastKnownFileType = sourcecode.swift; path = SceneDelegate.swift; sourceTree = "<group>"; };
		3638E49B274BF07400393875 /* ViewController.swift */ = {isa = PBXFileReference; lastKnownFileType = sourcecode.swift; path = ViewController.swift; sourceTree = "<group>"; };
		3638E49E274BF07400393875 /* Base */ = {isa = PBXFileReference; lastKnownFileType = file.storyboard; name = Base; path = Base.lproj/Main.storyboard; sourceTree = "<group>"; };
		3638E4A0274BF07800393875 /* Assets.xcassets */ = {isa = PBXFileReference; lastKnownFileType = folder.assetcatalog; path = Assets.xcassets; sourceTree = "<group>"; };
		3638E4A3274BF07800393875 /* Base */ = {isa = PBXFileReference; lastKnownFileType = file.storyboard; name = Base; path = Base.lproj/LaunchScreen.storyboard; sourceTree = "<group>"; };
		3638E4A5274BF07800393875 /* Info.plist */ = {isa = PBXFileReference; lastKnownFileType = text.plist.xml; path = Info.plist; sourceTree = "<group>"; };
		3638E4AC274BFDEF00393875 /* ToDoTask.swift */ = {isa = PBXFileReference; lastKnownFileType = sourcecode.swift; path = ToDoTask.swift; sourceTree = "<group>"; };
		731F8CC1A64EB674A04A17AE /* Pods_RealmDemoApp.framework */ = {isa = PBXFileReference; explicitFileType = wrapper.framework; includeInIndex = 0; path = Pods_RealmDemoApp.framework; sourceTree = BUILT_PRODUCTS_DIR; };
/* End PBXFileReference section */

/* Begin PBXFrameworksBuildPhase section */
		3638E491274BF07400393875 /* Frameworks */ = {
			isa = PBXFrameworksBuildPhase;
			buildActionMask = 2147483647;
			files = (
				66892D5B3BB1535EDD04FFB6 /* Pods_RealmDemoApp.framework in Frameworks */,
			);
			runOnlyForDeploymentPostprocessing = 0;
		};
/* End PBXFrameworksBuildPhase section */

/* Begin PBXGroup section */
		05D62FB535F09A63B9013E20 /* Pods */ = {
			isa = PBXGroup;
			children = (
				24DAD8B3DF20FC09C3536417 /* Pods-RealmDemoApp.debug.xcconfig */,
				080EB6ED601B4BB6A0CC49A3 /* Pods-RealmDemoApp.release.xcconfig */,
			);
			path = Pods;
			sourceTree = "<group>";
		};
		3638E48B274BF07400393875 = {
			isa = PBXGroup;
			children = (
				3638E496274BF07400393875 /* RealmDemoApp */,
				3638E495274BF07400393875 /* Products */,
				05D62FB535F09A63B9013E20 /* Pods */,
				51A5D2B576C02EA400AF8629 /* Frameworks */,
			);
			sourceTree = "<group>";
		};
		3638E495274BF07400393875 /* Products */ = {
			isa = PBXGroup;
			children = (
				3638E494274BF07400393875 /* RealmDemoApp.app */,
			);
			name = Products;
			sourceTree = "<group>";
		};
		3638E496274BF07400393875 /* RealmDemoApp */ = {
			isa = PBXGroup;
			children = (
				3638E4AB274BFDCB00393875 /* Model */,
				3638E497274BF07400393875 /* AppDelegate.swift */,
				3638E499274BF07400393875 /* SceneDelegate.swift */,
				3638E49B274BF07400393875 /* ViewController.swift */,
				3638E49D274BF07400393875 /* Main.storyboard */,
				3638E4A0274BF07800393875 /* Assets.xcassets */,
				3638E4A2274BF07800393875 /* LaunchScreen.storyboard */,
				3638E4A5274BF07800393875 /* Info.plist */,
			);
			path = RealmDemoApp;
			sourceTree = "<group>";
		};
		3638E4AB274BFDCB00393875 /* Model */ = {
			isa = PBXGroup;
			children = (
				3638E4AC274BFDEF00393875 /* ToDoTask.swift */,
			);
			path = Model;
			sourceTree = "<group>";
		};
		51A5D2B576C02EA400AF8629 /* Frameworks */ = {
			isa = PBXGroup;
			children = (
				731F8CC1A64EB674A04A17AE /* Pods_RealmDemoApp.framework */,
			);
			name = Frameworks;
			sourceTree = "<group>";
		};
/* End PBXGroup section */

/* Begin PBXNativeTarget section */
		3638E493274BF07400393875 /* RealmDemoApp */ = {
			isa = PBXNativeTarget;
			buildConfigurationList = 3638E4A8274BF07800393875 /* Build configuration list for PBXNativeTarget "RealmDemoApp" */;
			buildPhases = (
				C5DB5F3D8B73A6EC025AB6FC /* [CP] Check Pods Manifest.lock */,
				3638E490274BF07400393875 /* Sources */,
				3638E491274BF07400393875 /* Frameworks */,
				3638E492274BF07400393875 /* Resources */,
				FA069E3A81799F1456D5406C /* [CP] Embed Pods Frameworks */,
			);
			buildRules = (
			);
			dependencies = (
			);
			name = RealmDemoApp;
			productName = RealmDemoApp;
			productReference = 3638E494274BF07400393875 /* RealmDemoApp.app */;
			productType = "com.apple.product-type.application";
		};
/* End PBXNativeTarget section */

/* Begin PBXProject section */
		3638E48C274BF07400393875 /* Project object */ = {
			isa = PBXProject;
			attributes = {
				BuildIndependentTargetsInParallel = 1;
				LastSwiftUpdateCheck = 1300;
				LastUpgradeCheck = 1300;
				TargetAttributes = {
					3638E493274BF07400393875 = {
						CreatedOnToolsVersion = 13.0;
					};
				};
			};
			buildConfigurationList = 3638E48F274BF07400393875 /* Build configuration list for PBXProject "RealmDemoApp" */;
			compatibilityVersion = "Xcode 13.0";
			developmentRegion = en;
			hasScannedForEncodings = 0;
			knownRegions = (
				en,
				Base,
			);
			mainGroup = 3638E48B274BF07400393875;
			productRefGroup = 3638E495274BF07400393875 /* Products */;
			projectDirPath = "";
			projectRoot = "";
			targets = (
				3638E493274BF07400393875 /* RealmDemoApp */,
			);
		};
/* End PBXProject section */

/* Begin PBXResourcesBuildPhase section */
		3638E492274BF07400393875 /* Resources */ = {
			isa = PBXResourcesBuildPhase;
			buildActionMask = 2147483647;
			files = (
				3638E4A4274BF07800393875 /* LaunchScreen.storyboard in Resources */,
				3638E4A1274BF07800393875 /* Assets.xcassets in Resources */,
				3638E49F274BF07400393875 /* Main.storyboard in Resources */,
			);
			runOnlyForDeploymentPostprocessing = 0;
		};
/* End PBXResourcesBuildPhase section */

/* Begin PBXShellScriptBuildPhase section */
		C5DB5F3D8B73A6EC025AB6FC /* [CP] Check Pods Manifest.lock */ = {
			isa = PBXShellScriptBuildPhase;
			buildActionMask = 2147483647;
			files = (
			);
			inputFileListPaths = (
			);
			inputPaths = (
				"${PODS_PODFILE_DIR_PATH}/Podfile.lock",
				"${PODS_ROOT}/Manifest.lock",
			);
			name = "[CP] Check Pods Manifest.lock";
			outputFileListPaths = (
			);
			outputPaths = (
				"$(DERIVED_FILE_DIR)/Pods-RealmDemoApp-checkManifestLockResult.txt",
			);
			runOnlyForDeploymentPostprocessing = 0;
			shellPath = /bin/sh;
			shellScript = "diff \"${PODS_PODFILE_DIR_PATH}/Podfile.lock\" \"${PODS_ROOT}/Manifest.lock\" > /dev/null\nif [ $? != 0 ] ; then\n    # print error to STDERR\n    echo \"error: The sandbox is not in sync with the Podfile.lock. Run 'pod install' or update your CocoaPods installation.\" >&2\n    exit 1\nfi\n# This output is used by Xcode 'outputs' to avoid re-running this script phase.\necho \"SUCCESS\" > \"${SCRIPT_OUTPUT_FILE_0}\"\n";
			showEnvVarsInLog = 0;
		};
		FA069E3A81799F1456D5406C /* [CP] Embed Pods Frameworks */ = {
			isa = PBXShellScriptBuildPhase;
			buildActionMask = 2147483647;
			files = (
			);
			inputFileListPaths = (
				"${PODS_ROOT}/Target Support Files/Pods-RealmDemoApp/Pods-RealmDemoApp-frameworks-${CONFIGURATION}-input-files.xcfilelist",
			);
			name = "[CP] Embed Pods Frameworks";
			outputFileListPaths = (
				"${PODS_ROOT}/Target Support Files/Pods-RealmDemoApp/Pods-RealmDemoApp-frameworks-${CONFIGURATION}-output-files.xcfilelist",
			);
			runOnlyForDeploymentPostprocessing = 0;
			shellPath = /bin/sh;
			shellScript = "\"${PODS_ROOT}/Target Support Files/Pods-RealmDemoApp/Pods-RealmDemoApp-frameworks.sh\"\n";
			showEnvVarsInLog = 0;
		};
/* End PBXShellScriptBuildPhase section */

/* Begin PBXSourcesBuildPhase section */
		3638E490274BF07400393875 /* Sources */ = {
			isa = PBXSourcesBuildPhase;
			buildActionMask = 2147483647;
			files = (
				3638E49C274BF07400393875 /* ViewController.swift in Sources */,
				3638E498274BF07400393875 /* AppDelegate.swift in Sources */,
				3638E4AD274BFDEF00393875 /* ToDoTask.swift in Sources */,
				3638E49A274BF07400393875 /* SceneDelegate.swift in Sources */,
			);
			runOnlyForDeploymentPostprocessing = 0;
		};
/* End PBXSourcesBuildPhase section */

/* Begin PBXVariantGroup section */
		3638E49D274BF07400393875 /* Main.storyboard */ = {
			isa = PBXVariantGroup;
			children = (
				3638E49E274BF07400393875 /* Base */,
			);
			name = Main.storyboard;
			sourceTree = "<group>";
		};
		3638E4A2274BF07800393875 /* LaunchScreen.storyboard */ = {
			isa = PBXVariantGroup;
			children = (
				3638E4A3274BF07800393875 /* Base */,
			);
			name = LaunchScreen.storyboard;
			sourceTree = "<group>";
		};
/* End PBXVariantGroup section */

/* Begin XCBuildConfiguration section */
		3638E4A6274BF07800393875 /* Debug */ = {
			isa = XCBuildConfiguration;
			buildSettings = {
				ALWAYS_SEARCH_USER_PATHS = NO;
				CLANG_ANALYZER_NONNULL = YES;
				CLANG_ANALYZER_NUMBER_OBJECT_CONVERSION = YES_AGGRESSIVE;
				CLANG_CXX_LANGUAGE_STANDARD = "gnu++17";
				CLANG_CXX_LIBRARY = "libc++";
				CLANG_ENABLE_MODULES = YES;
				CLANG_ENABLE_OBJC_ARC = YES;
				CLANG_ENABLE_OBJC_WEAK = YES;
				CLANG_WARN_BLOCK_CAPTURE_AUTORELEASING = YES;
				CLANG_WARN_BOOL_CONVERSION = YES;
				CLANG_WARN_COMMA = YES;
				CLANG_WARN_CONSTANT_CONVERSION = YES;
				CLANG_WARN_DEPRECATED_OBJC_IMPLEMENTATIONS = YES;
				CLANG_WARN_DIRECT_OBJC_ISA_USAGE = YES_ERROR;
				CLANG_WARN_DOCUMENTATION_COMMENTS = YES;
				CLANG_WARN_EMPTY_BODY = YES;
				CLANG_WARN_ENUM_CONVERSION = YES;
				CLANG_WARN_INFINITE_RECURSION = YES;
				CLANG_WARN_INT_CONVERSION = YES;
				CLANG_WARN_NON_LITERAL_NULL_CONVERSION = YES;
				CLANG_WARN_OBJC_IMPLICIT_RETAIN_SELF = YES;
				CLANG_WARN_OBJC_LITERAL_CONVERSION = YES;
				CLANG_WARN_OBJC_ROOT_CLASS = YES_ERROR;
				CLANG_WARN_QUOTED_INCLUDE_IN_FRAMEWORK_HEADER = YES;
				CLANG_WARN_RANGE_LOOP_ANALYSIS = YES;
				CLANG_WARN_STRICT_PROTOTYPES = YES;
				CLANG_WARN_SUSPICIOUS_MOVE = YES;
				CLANG_WARN_UNGUARDED_AVAILABILITY = YES_AGGRESSIVE;
				CLANG_WARN_UNREACHABLE_CODE = YES;
				CLANG_WARN__DUPLICATE_METHOD_MATCH = YES;
				COPY_PHASE_STRIP = NO;
				DEBUG_INFORMATION_FORMAT = dwarf;
				ENABLE_STRICT_OBJC_MSGSEND = YES;
				ENABLE_TESTABILITY = YES;
				GCC_C_LANGUAGE_STANDARD = gnu11;
				GCC_DYNAMIC_NO_PIC = NO;
				GCC_NO_COMMON_BLOCKS = YES;
				GCC_OPTIMIZATION_LEVEL = 0;
				GCC_PREPROCESSOR_DEFINITIONS = (
					"DEBUG=1",
					"$(inherited)",
				);
				GCC_WARN_64_TO_32_BIT_CONVERSION = YES;
				GCC_WARN_ABOUT_RETURN_TYPE = YES_ERROR;
				GCC_WARN_UNDECLARED_SELECTOR = YES;
				GCC_WARN_UNINITIALIZED_AUTOS = YES_AGGRESSIVE;
				GCC_WARN_UNUSED_FUNCTION = YES;
				GCC_WARN_UNUSED_VARIABLE = YES;
				IPHONEOS_DEPLOYMENT_TARGET = 13.0;
				MTL_ENABLE_DEBUG_INFO = INCLUDE_SOURCE;
				MTL_FAST_MATH = YES;
				ONLY_ACTIVE_ARCH = YES;
				SDKROOT = iphoneos;
				SWIFT_ACTIVE_COMPILATION_CONDITIONS = DEBUG;
				SWIFT_OPTIMIZATION_LEVEL = "-Onone";
			};
			name = Debug;
		};
		3638E4A7274BF07800393875 /* Release */ = {
			isa = XCBuildConfiguration;
			buildSettings = {
				ALWAYS_SEARCH_USER_PATHS = NO;
				CLANG_ANALYZER_NONNULL = YES;
				CLANG_ANALYZER_NUMBER_OBJECT_CONVERSION = YES_AGGRESSIVE;
				CLANG_CXX_LANGUAGE_STANDARD = "gnu++17";
				CLANG_CXX_LIBRARY = "libc++";
				CLANG_ENABLE_MODULES = YES;
				CLANG_ENABLE_OBJC_ARC = YES;
				CLANG_ENABLE_OBJC_WEAK = YES;
				CLANG_WARN_BLOCK_CAPTURE_AUTORELEASING = YES;
				CLANG_WARN_BOOL_CONVERSION = YES;
				CLANG_WARN_COMMA = YES;
				CLANG_WARN_CONSTANT_CONVERSION = YES;
				CLANG_WARN_DEPRECATED_OBJC_IMPLEMENTATIONS = YES;
				CLANG_WARN_DIRECT_OBJC_ISA_USAGE = YES_ERROR;
				CLANG_WARN_DOCUMENTATION_COMMENTS = YES;
				CLANG_WARN_EMPTY_BODY = YES;
				CLANG_WARN_ENUM_CONVERSION = YES;
				CLANG_WARN_INFINITE_RECURSION = YES;
				CLANG_WARN_INT_CONVERSION = YES;
				CLANG_WARN_NON_LITERAL_NULL_CONVERSION = YES;
				CLANG_WARN_OBJC_IMPLICIT_RETAIN_SELF = YES;
				CLANG_WARN_OBJC_LITERAL_CONVERSION = YES;
				CLANG_WARN_OBJC_ROOT_CLASS = YES_ERROR;
				CLANG_WARN_QUOTED_INCLUDE_IN_FRAMEWORK_HEADER = YES;
				CLANG_WARN_RANGE_LOOP_ANALYSIS = YES;
				CLANG_WARN_STRICT_PROTOTYPES = YES;
				CLANG_WARN_SUSPICIOUS_MOVE = YES;
				CLANG_WARN_UNGUARDED_AVAILABILITY = YES_AGGRESSIVE;
				CLANG_WARN_UNREACHABLE_CODE = YES;
				CLANG_WARN__DUPLICATE_METHOD_MATCH = YES;
				COPY_PHASE_STRIP = NO;
				DEBUG_INFORMATION_FORMAT = "dwarf-with-dsym";
				ENABLE_NS_ASSERTIONS = NO;
				ENABLE_STRICT_OBJC_MSGSEND = YES;
				GCC_C_LANGUAGE_STANDARD = gnu11;
				GCC_NO_COMMON_BLOCKS = YES;
				GCC_WARN_64_TO_32_BIT_CONVERSION = YES;
				GCC_WARN_ABOUT_RETURN_TYPE = YES_ERROR;
				GCC_WARN_UNDECLARED_SELECTOR = YES;
				GCC_WARN_UNINITIALIZED_AUTOS = YES_AGGRESSIVE;
				GCC_WARN_UNUSED_FUNCTION = YES;
				GCC_WARN_UNUSED_VARIABLE = YES;
				IPHONEOS_DEPLOYMENT_TARGET = 13.0;
				MTL_ENABLE_DEBUG_INFO = NO;
				MTL_FAST_MATH = YES;
				SDKROOT = iphoneos;
				SWIFT_COMPILATION_MODE = wholemodule;
				SWIFT_OPTIMIZATION_LEVEL = "-O";
				VALIDATE_PRODUCT = YES;
			};
			name = Release;
		};
		3638E4A9274BF07800393875 /* Debug */ = {
			isa = XCBuildConfiguration;
			baseConfigurationReference = 24DAD8B3DF20FC09C3536417 /* Pods-RealmDemoApp.debug.xcconfig */;
			buildSettings = {
				ASSETCATALOG_COMPILER_APPICON_NAME = AppIcon;
				ASSETCATALOG_COMPILER_GLOBAL_ACCENT_COLOR_NAME = AccentColor;
				CODE_SIGN_STYLE = Automatic;
				CURRENT_PROJECT_VERSION = 1;
				DEVELOPMENT_TEAM = L32CXN3JT3;
				GENERATE_INFOPLIST_FILE = YES;
				INFOPLIST_FILE = RealmDemoApp/Info.plist;
				INFOPLIST_KEY_CFBundleDisplayName = RealmDemoApp;
				INFOPLIST_KEY_UIApplicationSupportsIndirectInputEvents = YES;
				INFOPLIST_KEY_UILaunchStoryboardName = LaunchScreen;
				INFOPLIST_KEY_UIMainStoryboardFile = Main;
				INFOPLIST_KEY_UISupportedInterfaceOrientations = UIInterfaceOrientationPortrait;
				INFOPLIST_KEY_UISupportedInterfaceOrientations_iPad = "UIInterfaceOrientationPortrait UIInterfaceOrientationPortraitUpsideDown UIInterfaceOrientationLandscapeLeft UIInterfaceOrientationLandscapeRight";
				INFOPLIST_KEY_UISupportedInterfaceOrientations_iPhone = "UIInterfaceOrientationPortrait UIInterfaceOrientationLandscapeLeft UIInterfaceOrientationLandscapeRight";
				IPHONEOS_DEPLOYMENT_TARGET = 13.0;
				LD_RUNPATH_SEARCH_PATHS = (
					"$(inherited)",
					"@executable_path/Frameworks",
				);
				MARKETING_VERSION = 1.0;
				PRODUCT_BUNDLE_IDENTIFIER = com.practicas.RealmDemoApp;
				PRODUCT_NAME = "$(TARGET_NAME)";
				SWIFT_EMIT_LOC_STRINGS = YES;
				SWIFT_VERSION = 5.0;
				TARGETED_DEVICE_FAMILY = 1;
			};
			name = Debug;
		};
		3638E4AA274BF07800393875 /* Release */ = {
			isa = XCBuildConfiguration;
			baseConfigurationReference = 080EB6ED601B4BB6A0CC49A3 /* Pods-RealmDemoApp.release.xcconfig */;
			buildSettings = {
				ASSETCATALOG_COMPILER_APPICON_NAME = AppIcon;
				ASSETCATALOG_COMPILER_GLOBAL_ACCENT_COLOR_NAME = AccentColor;
				CODE_SIGN_STYLE = Automatic;
				CURRENT_PROJECT_VERSION = 1;
				DEVELOPMENT_TEAM = L32CXN3JT3;
				GENERATE_INFOPLIST_FILE = YES;
				INFOPLIST_FILE = RealmDemoApp/Info.plist;
				INFOPLIST_KEY_CFBundleDisplayName = RealmDemoApp;
				INFOPLIST_KEY_UIApplicationSupportsIndirectInputEvents = YES;
				INFOPLIST_KEY_UILaunchStoryboardName = LaunchScreen;
				INFOPLIST_KEY_UIMainStoryboardFile = Main;
				INFOPLIST_KEY_UISupportedInterfaceOrientations = UIInterfaceOrientationPortrait;
				INFOPLIST_KEY_UISupportedInterfaceOrientations_iPad = "UIInterfaceOrientationPortrait UIInterfaceOrientationPortraitUpsideDown UIInterfaceOrientationLandscapeLeft UIInterfaceOrientationLandscapeRight";
				INFOPLIST_KEY_UISupportedInterfaceOrientations_iPhone = "UIInterfaceOrientationPortrait UIInterfaceOrientationLandscapeLeft UIInterfaceOrientationLandscapeRight";
				IPHONEOS_DEPLOYMENT_TARGET = 13.0;
				LD_RUNPATH_SEARCH_PATHS = (
					"$(inherited)",
					"@executable_path/Frameworks",
				);
				MARKETING_VERSION = 1.0;
				PRODUCT_BUNDLE_IDENTIFIER = com.practicas.RealmDemoApp;
				PRODUCT_NAME = "$(TARGET_NAME)";
				SWIFT_EMIT_LOC_STRINGS = YES;
				SWIFT_VERSION = 5.0;
				TARGETED_DEVICE_FAMILY = 1;
			};
			name = Release;
		};
/* End XCBuildConfiguration section */

/* Begin XCConfigurationList section */
		3638E48F274BF07400393875 /* Build configuration list for PBXProject "RealmDemoApp" */ = {
			isa = XCConfigurationList;
			buildConfigurations = (
				3638E4A6274BF07800393875 /* Debug */,
				3638E4A7274BF07800393875 /* Release */,
			);
			defaultConfigurationIsVisible = 0;
			defaultConfigurationName = Release;
		};
		3638E4A8274BF07800393875 /* Build configuration list for PBXNativeTarget "RealmDemoApp" */ = {
			isa = XCConfigurationList;
			buildConfigurations = (
				3638E4A9274BF07800393875 /* Debug */,
				3638E4AA274BF07800393875 /* Release */,
			);
			defaultConfigurationIsVisible = 0;
			defaultConfigurationName = Release;
		};
/* End XCConfigurationList section */
	};
	rootObject = 3638E48C274BF07400393875 /* Project object */;
}
